
Microsoft Visual Studio Solution File, Format Version 12.00
# Visual Studio Version 16
VisualStudioVersion = 16.0.29306.81
MinimumVisualStudioVersion = 10.0.40219.1
Project("{8BC9CEB8-8B4A-11D0-8D11-00A0C91BC942}") = "Client", "Code\Game\Game.vcxproj", "{1DB1CF37-EB85-428F-9E11-597C375D10BC}"
EndProject
Project("{8BC9CEB8-8B4A-11D0-8D11-00A0C91BC942}") = "Engine", "Code\Submodule\Engine\Code\Engine\Engine.vcxproj", "{1AD4EC92-D7FB-4CFD-B03F-BDCAB345673E}"
EndProject
Project("{8BC9CEB8-8B4A-11D0-8D11-00A0C91BC942}") = "Shared", "Code\Shared\Shared.vcxproj", "{229E7A27-1CA9-4A52-8365-EDB039CC4ABF}"
EndProject
Project("{8BC9CEB8-8B4A-11D0-8D11-00A0C91BC942}") = "Server", "Code\Server\Server.vcxproj", "{5E563E55-C47A-4B14-82C8-50C31C07B343}"
EndProject
Project("{8BC9CEB8-8B4A-11D0-8D11-00A0C91BC942}") = "External", "SpatialOS\workers\External\cmake_build\External.vcxproj", "{1175E75B-FCF5-3403-9F0B-A88202ED89BC}"
EndProject
Project("{8BC9CEB8-8B4A-11D0-8D11-00A0C91BC942}") = "ZERO_CHECK", "SpatialOS\workers\External\cmake_build\ZERO_CHECK.vcxproj", "{37349E70-BE23-38D0-9075-76F9A5EE9503}"
EndProject
Project("{8BC9CEB8-8B4A-11D0-8D11-00A0C91BC942}") = "Schema", "SpatialOS\workers\External\cmake_build\Schema\Schema.vcxproj", "{7F705197-EDE7-3B18-867B-D875F9E24919}"
EndProject
Global
	GlobalSection(SolutionConfigurationPlatforms) = preSolution
		Debug|x64 = Debug|x64
		Debug|x86 = Debug|x86
		MinSizeRel|x64 = MinSizeRel|x64
		MinSizeRel|x86 = MinSizeRel|x86
		Release|x64 = Release|x64
		Release|x86 = Release|x86
		RelWithDebInfo|x64 = RelWithDebInfo|x64
		RelWithDebInfo|x86 = RelWithDebInfo|x86
	EndGlobalSection
	GlobalSection(ProjectConfigurationPlatforms) = postSolution
		{1DB1CF37-EB85-428F-9E11-597C375D10BC}.Debug|x64.ActiveCfg = Debug|x64
		{1DB1CF37-EB85-428F-9E11-597C375D10BC}.Debug|x64.Build.0 = Debug|x64
		{1DB1CF37-EB85-428F-9E11-597C375D10BC}.Debug|x86.ActiveCfg = Debug|x64
		{1DB1CF37-EB85-428F-9E11-597C375D10BC}.Debug|x86.Build.0 = Debug|x64
		{1DB1CF37-EB85-428F-9E11-597C375D10BC}.MinSizeRel|x64.ActiveCfg = Debug|x64
		{1DB1CF37-EB85-428F-9E11-597C375D10BC}.MinSizeRel|x64.Build.0 = Debug|x64
		{1DB1CF37-EB85-428F-9E11-597C375D10BC}.MinSizeRel|x86.ActiveCfg = Debug|x64
		{1DB1CF37-EB85-428F-9E11-597C375D10BC}.MinSizeRel|x86.Build.0 = Debug|x64
		{1DB1CF37-EB85-428F-9E11-597C375D10BC}.Release|x64.ActiveCfg = Debug|x64
		{1DB1CF37-EB85-428F-9E11-597C375D10BC}.Release|x64.Build.0 = Debug|x64
		{1DB1CF37-EB85-428F-9E11-597C375D10BC}.Release|x86.ActiveCfg = Debug|x64
		{1DB1CF37-EB85-428F-9E11-597C375D10BC}.Release|x86.Build.0 = Debug|x64
		{1DB1CF37-EB85-428F-9E11-597C375D10BC}.RelWithDebInfo|x64.ActiveCfg = Debug|x64
		{1DB1CF37-EB85-428F-9E11-597C375D10BC}.RelWithDebInfo|x64.Build.0 = Debug|x64
		{1DB1CF37-EB85-428F-9E11-597C375D10BC}.RelWithDebInfo|x86.ActiveCfg = Debug|x64
		{1DB1CF37-EB85-428F-9E11-597C375D10BC}.RelWithDebInfo|x86.Build.0 = Debug|x64
		{1AD4EC92-D7FB-4CFD-B03F-BDCAB345673E}.Debug|x64.ActiveCfg = Debug|x64
		{1AD4EC92-D7FB-4CFD-B03F-BDCAB345673E}.Debug|x64.Build.0 = Debug|x64
		{1AD4EC92-D7FB-4CFD-B03F-BDCAB345673E}.Debug|x86.ActiveCfg = Debug|x64
		{1AD4EC92-D7FB-4CFD-B03F-BDCAB345673E}.Debug|x86.Build.0 = Debug|x64
		{1AD4EC92-D7FB-4CFD-B03F-BDCAB345673E}.MinSizeRel|x64.ActiveCfg = Debug|x64
		{1AD4EC92-D7FB-4CFD-B03F-BDCAB345673E}.MinSizeRel|x64.Build.0 = Debug|x64
		{1AD4EC92-D7FB-4CFD-B03F-BDCAB345673E}.MinSizeRel|x86.ActiveCfg = Debug|x64
		{1AD4EC92-D7FB-4CFD-B03F-BDCAB345673E}.MinSizeRel|x86.Build.0 = Debug|x64
		{1AD4EC92-D7FB-4CFD-B03F-BDCAB345673E}.Release|x64.ActiveCfg = Debug|x64
		{1AD4EC92-D7FB-4CFD-B03F-BDCAB345673E}.Release|x64.Build.0 = Debug|x64
		{1AD4EC92-D7FB-4CFD-B03F-BDCAB345673E}.Release|x86.ActiveCfg = Debug|x64
		{1AD4EC92-D7FB-4CFD-B03F-BDCAB345673E}.Release|x86.Build.0 = Debug|x64
		{1AD4EC92-D7FB-4CFD-B03F-BDCAB345673E}.RelWithDebInfo|x64.ActiveCfg = Debug|x64
		{1AD4EC92-D7FB-4CFD-B03F-BDCAB345673E}.RelWithDebInfo|x64.Build.0 = Debug|x64
		{1AD4EC92-D7FB-4CFD-B03F-BDCAB345673E}.RelWithDebInfo|x86.ActiveCfg = Debug|x64
		{1AD4EC92-D7FB-4CFD-B03F-BDCAB345673E}.RelWithDebInfo|x86.Build.0 = Debug|x64
		{229E7A27-1CA9-4A52-8365-EDB039CC4ABF}.Debug|x64.ActiveCfg = Debug|x64
		{229E7A27-1CA9-4A52-8365-EDB039CC4ABF}.Debug|x64.Build.0 = Debug|x64
		{229E7A27-1CA9-4A52-8365-EDB039CC4ABF}.Debug|x86.ActiveCfg = Debug|x64
		{229E7A27-1CA9-4A52-8365-EDB039CC4ABF}.Debug|x86.Build.0 = Debug|x64
		{229E7A27-1CA9-4A52-8365-EDB039CC4ABF}.MinSizeRel|x64.ActiveCfg = Debug|x64
		{229E7A27-1CA9-4A52-8365-EDB039CC4ABF}.MinSizeRel|x64.Build.0 = Debug|x64
		{229E7A27-1CA9-4A52-8365-EDB039CC4ABF}.MinSizeRel|x86.ActiveCfg = Debug|x64
		{229E7A27-1CA9-4A52-8365-EDB039CC4ABF}.MinSizeRel|x86.Build.0 = Debug|x64
		{229E7A27-1CA9-4A52-8365-EDB039CC4ABF}.Release|x64.ActiveCfg = Debug|x64
		{229E7A27-1CA9-4A52-8365-EDB039CC4ABF}.Release|x64.Build.0 = Debug|x64
		{229E7A27-1CA9-4A52-8365-EDB039CC4ABF}.Release|x86.ActiveCfg = Debug|x64
		{229E7A27-1CA9-4A52-8365-EDB039CC4ABF}.Release|x86.Build.0 = Debug|x64
		{229E7A27-1CA9-4A52-8365-EDB039CC4ABF}.RelWithDebInfo|x64.ActiveCfg = Debug|x64
		{229E7A27-1CA9-4A52-8365-EDB039CC4ABF}.RelWithDebInfo|x64.Build.0 = Debug|x64
		{229E7A27-1CA9-4A52-8365-EDB039CC4ABF}.RelWithDebInfo|x86.ActiveCfg = Debug|x64
		{229E7A27-1CA9-4A52-8365-EDB039CC4ABF}.RelWithDebInfo|x86.Build.0 = Debug|x64
		{5E563E55-C47A-4B14-82C8-50C31C07B343}.Debug|x64.ActiveCfg = Debug|x64
		{5E563E55-C47A-4B14-82C8-50C31C07B343}.Debug|x86.ActiveCfg = Debug|x64
		{5E563E55-C47A-4B14-82C8-50C31C07B343}.MinSizeRel|x64.ActiveCfg = Debug|x64
		{5E563E55-C47A-4B14-82C8-50C31C07B343}.MinSizeRel|x86.ActiveCfg = Debug|x64
		{5E563E55-C47A-4B14-82C8-50C31C07B343}.Release|x64.ActiveCfg = Debug|x64
		{5E563E55-C47A-4B14-82C8-50C31C07B343}.Release|x86.ActiveCfg = Debug|x64
		{5E563E55-C47A-4B14-82C8-50C31C07B343}.RelWithDebInfo|x64.ActiveCfg = Debug|x64
		{5E563E55-C47A-4B14-82C8-50C31C07B343}.RelWithDebInfo|x86.ActiveCfg = Debug|x64
		{1175E75B-FCF5-3403-9F0B-A88202ED89BC}.Debug|x64.ActiveCfg = Debug|x64
		{1175E75B-FCF5-3403-9F0B-A88202ED89BC}.Debug|x64.Build.0 = Debug|x64
		{1175E75B-FCF5-3403-9F0B-A88202ED89BC}.Debug|x86.ActiveCfg = Debug|x64
		{1175E75B-FCF5-3403-9F0B-A88202ED89BC}.Debug|x86.Build.0 = Debug|x64
		{1175E75B-FCF5-3403-9F0B-A88202ED89BC}.MinSizeRel|x64.ActiveCfg = Debug|x64
		{1175E75B-FCF5-3403-9F0B-A88202ED89BC}.MinSizeRel|x64.Build.0 = Debug|x64
		{1175E75B-FCF5-3403-9F0B-A88202ED89BC}.MinSizeRel|x86.ActiveCfg = Debug|x64
		{1175E75B-FCF5-3403-9F0B-A88202ED89BC}.MinSizeRel|x86.Build.0 = Debug|x64
		{1175E75B-FCF5-3403-9F0B-A88202ED89BC}.Release|x64.ActiveCfg = Debug|x64
		{1175E75B-FCF5-3403-9F0B-A88202ED89BC}.Release|x64.Build.0 = Debug|x64
		{1175E75B-FCF5-3403-9F0B-A88202ED89BC}.Release|x86.ActiveCfg = Debug|x64
		{1175E75B-FCF5-3403-9F0B-A88202ED89BC}.Release|x86.Build.0 = Debug|x64
		{1175E75B-FCF5-3403-9F0B-A88202ED89BC}.RelWithDebInfo|x64.ActiveCfg = Debug|x64
		{1175E75B-FCF5-3403-9F0B-A88202ED89BC}.RelWithDebInfo|x64.Build.0 = Debug|x64
		{1175E75B-FCF5-3403-9F0B-A88202ED89BC}.RelWithDebInfo|x86.ActiveCfg = Debug|x64
		{1175E75B-FCF5-3403-9F0B-A88202ED89BC}.RelWithDebInfo|x86.Build.0 = Debug|x64
		{37349E70-BE23-38D0-9075-76F9A5EE9503}.Debug|x64.ActiveCfg = RelWithDebInfo|x64
		{37349E70-BE23-38D0-9075-76F9A5EE9503}.Debug|x64.Build.0 = Debug|x64
		{37349E70-BE23-38D0-9075-76F9A5EE9503}.Debug|x86.ActiveCfg = RelWithDebInfo|x64
		{37349E70-BE23-38D0-9075-76F9A5EE9503}.MinSizeRel|x64.ActiveCfg = RelWithDebInfo|x64
		{37349E70-BE23-38D0-9075-76F9A5EE9503}.MinSizeRel|x64.Build.0 = MinSizeRel|x64
		{37349E70-BE23-38D0-9075-76F9A5EE9503}.MinSizeRel|x86.ActiveCfg = RelWithDebInfo|x64
		{37349E70-BE23-38D0-9075-76F9A5EE9503}.Release|x64.ActiveCfg = RelWithDebInfo|x64
		{37349E70-BE23-38D0-9075-76F9A5EE9503}.Release|x64.Build.0 = Release|x64
		{37349E70-BE23-38D0-9075-76F9A5EE9503}.Release|x86.ActiveCfg = RelWithDebInfo|x64
		{37349E70-BE23-38D0-9075-76F9A5EE9503}.RelWithDebInfo|x64.ActiveCfg = RelWithDebInfo|x64
		{37349E70-BE23-38D0-9075-76F9A5EE9503}.RelWithDebInfo|x64.Build.0 = RelWithDebInfo|x64
		{37349E70-BE23-38D0-9075-76F9A5EE9503}.RelWithDebInfo|x86.ActiveCfg = RelWithDebInfo|x64
		{7F705197-EDE7-3B18-867B-D875F9E24919}.Debug|x64.ActiveCfg = Debug|x64
		{7F705197-EDE7-3B18-867B-D875F9E24919}.Debug|x64.Build.0 = Debug|x64
		{7F705197-EDE7-3B18-867B-D875F9E24919}.Debug|x86.ActiveCfg = Debug|x64
		{7F705197-EDE7-3B18-867B-D875F9E24919}.MinSizeRel|x64.ActiveCfg = Debug|x64
		{7F705197-EDE7-3B18-867B-D875F9E24919}.MinSizeRel|x64.Build.0 = MinSizeRel|x64
		{7F705197-EDE7-3B18-867B-D875F9E24919}.MinSizeRel|x86.ActiveCfg = Debug|x64
		{7F705197-EDE7-3B18-867B-D875F9E24919}.Release|x64.ActiveCfg = Debug|x64
		{7F705197-EDE7-3B18-867B-D875F9E24919}.Release|x64.Build.0 = Release|x64
		{7F705197-EDE7-3B18-867B-D875F9E24919}.Release|x86.ActiveCfg = Debug|x64
		{7F705197-EDE7-3B18-867B-D875F9E24919}.RelWithDebInfo|x64.ActiveCfg = Debug|x64
		{7F705197-EDE7-3B18-867B-D875F9E24919}.RelWithDebInfo|x64.Build.0 = RelWithDebInfo|x64
		{7F705197-EDE7-3B18-867B-D875F9E24919}.RelWithDebInfo|x86.ActiveCfg = Debug|x64
	EndGlobalSection
	GlobalSection(SolutionProperties) = preSolution
		HideSolutionNode = FALSE
	EndGlobalSection
	GlobalSection(ExtensibilityGlobals) = postSolution
		SolutionGuid = {E33B26F3-0715-4B8F-955B-58300286A3A2}
	EndGlobalSection
EndGlobal
