<?xml version="1.0" encoding="utf-8"?>
<Project ToolsVersion="4.0" xmlns="http://schemas.microsoft.com/developer/msbuild/2003">
  <ItemGroup>
    <Filter Include="Source Files">
      <UniqueIdentifier>{4FC737F1-C7A5-4376-A066-2A32D752A2FF}</UniqueIdentifier>
      <Extensions>cpp;c;cc;cxx;def;odl;idl;hpj;bat;asm;asmx</Extensions>
    </Filter>
    <Filter Include="Source Files\Entity">
      <UniqueIdentifier>{580c7ff2-a0b3-485e-80de-0600873cafec}</UniqueIdentifier>
    </Filter>
    <Filter Include="Source Files\Controllers">
      <UniqueIdentifier>{1165a27a-5952-41b3-a52a-023e7795eacf}</UniqueIdentifier>
    </Filter>
  </ItemGroup>
  <ItemGroup>
    <ClCompile Include="Server_main.cc">
      <Filter>Source Files</Filter>
    </ClCompile>
    <ClCompile Include="ServerApp.cpp">
      <Filter>Source Files</Filter>
    </ClCompile>
    <ClCompile Include="SpatialOSServer.cpp">
      <Filter>Source Files</Filter>
    </ClCompile>
    <ClCompile Include="WorldSim.cpp">
      <Filter>Source Files</Filter>
    </ClCompile>
    <ClCompile Include="SelfSubActor.cpp">
      <Filter>Source Files\Entity</Filter>
    </ClCompile>
    <ClCompile Include="SimController.cpp">
      <Filter>Source Files\Controllers</Filter>
    </ClCompile>
  </ItemGroup>
  <ItemGroup>
    <ClInclude Include="ServerApp.hpp">
      <Filter>Source Files</Filter>
    </ClInclude>
    <ClInclude Include="ServerCommon.hpp">
      <Filter>Source Files</Filter>
    </ClInclude>
    <ClInclude Include="SpatialOSServer.hpp">
      <Filter>Source Files</Filter>
    </ClInclude>
    <ClInclude Include="WorldSim.hpp">
      <Filter>Source Files</Filter>
    </ClInclude>
    <ClInclude Include="SelfSubActor.hpp">
      <Filter>Source Files\Entity</Filter>
    </ClInclude>
    <ClInclude Include="SimController.hpp">
      <Filter>Source Files\Controllers</Filter>
    </ClInclude>
  </ItemGroup>
</Project>