<?xml version="1.0" encoding="utf-8"?>
<Project ToolsVersion="4.0" xmlns="http://schemas.microsoft.com/developer/msbuild/2003">
  <ItemGroup>
    <Filter Include="Source Files">
      <UniqueIdentifier>{4FC737F1-C7A5-4376-A066-2A32D752A2FF}</UniqueIdentifier>
      <Extensions>cpp;c;cc;cxx;def;odl;idl;hpj;bat;asm;asmx</Extensions>
    </Filter>
    <Filter Include="Source Files\Entity">
      <UniqueIdentifier>{4717a96c-b219-4618-beea-6ef2d2e74529}</UniqueIdentifier>
    </Filter>
    <Filter Include="Source Files\Entity\Definitions">
      <UniqueIdentifier>{f59601e9-583c-4a9e-bd9d-b1db91f77a0a}</UniqueIdentifier>
    </Filter>
    <Filter Include="Data">
      <UniqueIdentifier>{ecbefdd9-6a4a-4353-9878-742300c63748}</UniqueIdentifier>
    </Filter>
    <Filter Include="Data\Gameplay">
      <UniqueIdentifier>{a762e598-b832-40f5-98f8-d98fc49b1285}</UniqueIdentifier>
    </Filter>
    <Filter Include="Source Files\Controllers">
      <UniqueIdentifier>{db355289-f1cc-4f07-83e2-dcfffeceb7b6}</UniqueIdentifier>
    </Filter>
    <Filter Include="TempEngine">
      <UniqueIdentifier>{9d2fcbcb-35ef-4ad4-9ae7-6b879ac17067}</UniqueIdentifier>
    </Filter>
    <Filter Include="TempEngine\Core">
      <UniqueIdentifier>{fc6c34f1-2a9f-4a98-a61b-469a0359c33c}</UniqueIdentifier>
    </Filter>
    <Filter Include="TempEngine\Math">
      <UniqueIdentifier>{3c4f1b7d-ec3b-4860-8591-d96e79580655}</UniqueIdentifier>
    </Filter>
    <Filter Include="TempEngine\Physics">
      <UniqueIdentifier>{ee01e1e6-64f7-481a-b07e-498e23b56d4c}</UniqueIdentifier>
    </Filter>
    <Filter Include="TempEngine\Core\Debug">
      <UniqueIdentifier>{487a8c55-c78e-4486-86a6-df9062381d04}</UniqueIdentifier>
    </Filter>
    <Filter Include="TempEngine\Core\Graphics">
      <UniqueIdentifier>{b55cda1d-de4d-4572-be14-50760ee353fa}</UniqueIdentifier>
    </Filter>
    <Filter Include="TempEngine\Core\Strings">
      <UniqueIdentifier>{ac32c2ff-9627-497a-b0f8-1dcbffcace0b}</UniqueIdentifier>
    </Filter>
    <Filter Include="TempEngine\Core\Time">
      <UniqueIdentifier>{7df3c529-7c84-400f-b3e1-34980eef8426}</UniqueIdentifier>
    </Filter>
    <Filter Include="TempEngine\Core\Vertex">
      <UniqueIdentifier>{dd994c83-04e4-4085-955f-1042be2a4094}</UniqueIdentifier>
    </Filter>
    <Filter Include="TempEngine\Core\XML">
      <UniqueIdentifier>{7b4c8a9b-c6e1-4bf2-84a4-084fd9b63cb8}</UniqueIdentifier>
    </Filter>
  </ItemGroup>
  <ItemGroup>
    <ClCompile Include="AbilityBaseDefinition.cpp">
      <Filter>Source Files\Entity\Definitions</Filter>
    </ClCompile>
    <ClCompile Include="ActorBaseDefinition.cpp">
      <Filter>Source Files\Entity\Definitions</Filter>
    </ClCompile>
    <ClCompile Include="EntityBase.cpp">
      <Filter>Source Files\Entity</Filter>
    </ClCompile>
    <ClCompile Include="AbilityBase.cpp">
      <Filter>Source Files\Entity</Filter>
    </ClCompile>
    <ClCompile Include="ActorBase.cpp">
      <Filter>Source Files\Entity</Filter>
    </ClCompile>
    <ClCompile Include="EntityBaseDefinition.cpp">
      <Filter>Source Files\Entity\Definitions</Filter>
    </ClCompile>
    <ClCompile Include="SharedCommon.cpp">
      <Filter>Source Files</Filter>
    </ClCompile>
    <ClCompile Include="Zone.cpp">
      <Filter>Source Files</Filter>
    </ClCompile>
    <ClCompile Include="ControllerBase.cpp">
      <Filter>Source Files\Controllers</Filter>
    </ClCompile>
    <ClCompile Include="AIController.cpp">
      <Filter>Source Files\Controllers</Filter>
    </ClCompile>
    <ClCompile Include="..\Submodule\Engine\Code\Engine\Physics\AABB2Collider2D.cpp">
      <Filter>TempEngine\Physics</Filter>
    </ClCompile>
    <ClCompile Include="..\Submodule\Engine\Code\Engine\Physics\Collider2D.cpp">
      <Filter>TempEngine\Physics</Filter>
    </ClCompile>
    <ClCompile Include="..\Submodule\Engine\Code\Engine\Physics\Collision2D.cpp">
      <Filter>TempEngine\Physics</Filter>
    </ClCompile>
    <ClCompile Include="..\Submodule\Engine\Code\Engine\Physics\DiscCollider2D.cpp">
      <Filter>TempEngine\Physics</Filter>
    </ClCompile>
    <ClCompile Include="..\Submodule\Engine\Code\Engine\Physics\Manifold2D.cpp">
      <Filter>TempEngine\Physics</Filter>
    </ClCompile>
    <ClCompile Include="..\Submodule\Engine\Code\Engine\Physics\PhysicsMaterial.cpp">
      <Filter>TempEngine\Physics</Filter>
    </ClCompile>
    <ClCompile Include="..\Submodule\Engine\Code\Engine\Physics\PhysicsSystem.cpp">
      <Filter>TempEngine\Physics</Filter>
    </ClCompile>
    <ClCompile Include="..\Submodule\Engine\Code\Engine\Physics\PillboxCollider2D.cpp">
      <Filter>TempEngine\Physics</Filter>
    </ClCompile>
    <ClCompile Include="..\Submodule\Engine\Code\Engine\Physics\Rigidbody2D.cpp">
      <Filter>TempEngine\Physics</Filter>
    </ClCompile>
    <ClCompile Include="..\Submodule\Engine\Code\Engine\Physics\Transform2D.cpp">
      <Filter>TempEngine\Physics</Filter>
    </ClCompile>
    <ClCompile Include="..\Submodule\Engine\Code\Engine\Physics\Transform3D.cpp">
      <Filter>TempEngine\Physics</Filter>
    </ClCompile>
    <ClCompile Include="..\Submodule\Engine\Code\Engine\Math\AABB2.cpp">
      <Filter>TempEngine\Math</Filter>
    </ClCompile>
    <ClCompile Include="..\Submodule\Engine\Code\Engine\Math\AABB3.cpp">
      <Filter>TempEngine\Math</Filter>
    </ClCompile>
    <ClCompile Include="..\Submodule\Engine\Code\Engine\Math\Capsule3.cpp">
      <Filter>TempEngine\Math</Filter>
    </ClCompile>
    <ClCompile Include="..\Submodule\Engine\Code\Engine\Math\Disc.cpp">
      <Filter>TempEngine\Math</Filter>
    </ClCompile>
    <ClCompile Include="..\Submodule\Engine\Code\Engine\Math\FloatRange.cpp">
      <Filter>TempEngine\Math</Filter>
    </ClCompile>
    <ClCompile Include="..\Submodule\Engine\Code\Engine\Math\Frustum.cpp">
      <Filter>TempEngine\Math</Filter>
    </ClCompile>
    <ClCompile Include="..\Submodule\Engine\Code\Engine\Math\IntRange.cpp">
      <Filter>TempEngine\Math</Filter>
    </ClCompile>
    <ClCompile Include="..\Submodule\Engine\Code\Engine\Math\IntVec2.cpp">
      <Filter>TempEngine\Math</Filter>
    </ClCompile>
    <ClCompile Include="..\Submodule\Engine\Code\Engine\Math\MathUtils.cpp">
      <Filter>TempEngine\Math</Filter>
    </ClCompile>
    <ClCompile Include="..\Submodule\Engine\Code\Engine\Math\Matrix44.cpp">
      <Filter>TempEngine\Math</Filter>
    </ClCompile>
    <ClCompile Include="..\Submodule\Engine\Code\Engine\Math\OBB2.cpp">
      <Filter>TempEngine\Math</Filter>
    </ClCompile>
    <ClCompile Include="..\Submodule\Engine\Code\Engine\Math\OBB3.cpp">
      <Filter>TempEngine\Math</Filter>
    </ClCompile>
    <ClCompile Include="..\Submodule\Engine\Code\Engine\Math\Pillbox2.cpp">
      <Filter>TempEngine\Math</Filter>
    </ClCompile>
    <ClCompile Include="..\Submodule\Engine\Code\Engine\Math\Plane2.cpp">
      <Filter>TempEngine\Math</Filter>
    </ClCompile>
    <ClCompile Include="..\Submodule\Engine\Code\Engine\Math\Plane3.cpp">
      <Filter>TempEngine\Math</Filter>
    </ClCompile>
    <ClCompile Include="..\Submodule\Engine\Code\Engine\Math\RawNoise.cpp">
      <Filter>TempEngine\Math</Filter>
    </ClCompile>
    <ClCompile Include="..\Submodule\Engine\Code\Engine\Math\Ray3.cpp">
      <Filter>TempEngine\Math</Filter>
    </ClCompile>
    <ClCompile Include="..\Submodule\Engine\Code\Engine\Math\RNG.cpp">
      <Filter>TempEngine\Math</Filter>
    </ClCompile>
    <ClCompile Include="..\Submodule\Engine\Code\Engine\Math\SmoothNoise.cpp">
      <Filter>TempEngine\Math</Filter>
    </ClCompile>
    <ClCompile Include="..\Submodule\Engine\Code\Engine\Math\Sphere.cpp">
      <Filter>TempEngine\Math</Filter>
    </ClCompile>
    <ClCompile Include="..\Submodule\Engine\Code\Engine\Math\Vec2.cpp">
      <Filter>TempEngine\Math</Filter>
    </ClCompile>
    <ClCompile Include="..\Submodule\Engine\Code\Engine\Math\Vec3.cpp">
      <Filter>TempEngine\Math</Filter>
    </ClCompile>
    <ClCompile Include="..\Submodule\Engine\Code\Engine\Math\Vec4.cpp">
      <Filter>TempEngine\Math</Filter>
    </ClCompile>
    <ClCompile Include="..\Submodule\Engine\Code\Engine\Core\EngineCommon.cpp">
      <Filter>TempEngine\Core</Filter>
    </ClCompile>
    <ClCompile Include="..\Submodule\Engine\Code\Engine\Core\EngineUtils.cpp">
      <Filter>TempEngine\Core</Filter>
    </ClCompile>
    <ClCompile Include="..\Submodule\Engine\Code\Engine\Core\ErrorWarningAssert.cpp">
      <Filter>TempEngine\Core</Filter>
    </ClCompile>
    <ClCompile Include="..\Submodule\Engine\Code\Engine\Core\EventSystem.cpp">
      <Filter>TempEngine\Core</Filter>
    </ClCompile>
    <ClCompile Include="..\Submodule\Engine\Code\Engine\Core\Tags.cpp">
      <Filter>TempEngine\Core</Filter>
    </ClCompile>
    <ClCompile Include="..\Submodule\Engine\Code\Engine\Core\WindowContext.cpp">
      <Filter>TempEngine\Core</Filter>
    </ClCompile>
    <ClCompile Include="..\Submodule\Engine\Code\Engine\Core\Debug\Callstack.cpp">
      <Filter>TempEngine\Core\Debug</Filter>
    </ClCompile>
    <ClCompile Include="..\Submodule\Engine\Code\Engine\Core\Debug\DevConsole.cpp">
      <Filter>TempEngine\Core\Debug</Filter>
    </ClCompile>
    <ClCompile Include="..\Submodule\Engine\Code\Engine\Core\Debug\TextLine.cpp">
      <Filter>TempEngine\Core\Debug</Filter>
    </ClCompile>
    <ClCompile Include="..\Submodule\Engine\Code\Engine\Core\Debug\UnitTest.cpp">
      <Filter>TempEngine\Core\Debug</Filter>
    </ClCompile>
    <ClCompile Include="..\Submodule\Engine\Code\Engine\Core\Strings\NamedProperties.cpp">
      <Filter>TempEngine\Core\Strings</Filter>
    </ClCompile>
    <ClCompile Include="..\Submodule\Engine\Code\Engine\Core\Strings\NamedStrings.cpp">
      <Filter>TempEngine\Core\Strings</Filter>
    </ClCompile>
    <ClCompile Include="..\Submodule\Engine\Code\Engine\Core\Time\Clock.cpp">
      <Filter>TempEngine\Core\Time</Filter>
    </ClCompile>
    <ClCompile Include="..\Submodule\Engine\Code\Engine\Core\Time\StopWatch.cpp">
      <Filter>TempEngine\Core\Time</Filter>
    </ClCompile>
    <ClCompile Include="..\Submodule\Engine\Code\Engine\Core\Time\Time.cpp">
      <Filter>TempEngine\Core\Time</Filter>
    </ClCompile>
    <ClCompile Include="..\Submodule\Engine\Code\Engine\Core\Vertex\MeshCPU.cpp">
      <Filter>TempEngine\Core\Vertex</Filter>
    </ClCompile>
    <ClCompile Include="..\Submodule\Engine\Code\Engine\Core\Vertex\Vertex_LIT.cpp">
      <Filter>TempEngine\Core\Vertex</Filter>
    </ClCompile>
    <ClCompile Include="..\Submodule\Engine\Code\Engine\Core\Vertex\Vertex_PCU.cpp">
      <Filter>TempEngine\Core\Vertex</Filter>
    </ClCompile>
    <ClCompile Include="..\Submodule\Engine\Code\Engine\Core\Vertex\VertexMaster.cpp">
      <Filter>TempEngine\Core\Vertex</Filter>
    </ClCompile>
    <ClCompile Include="..\Submodule\Engine\Code\Engine\Core\XML\XMLUtils.cpp">
      <Filter>TempEngine\Core\XML</Filter>
    </ClCompile>
    <ClCompile Include="..\Submodule\Engine\Code\Engine\Core\Graphics\Image.cpp">
      <Filter>TempEngine\Core\Graphics</Filter>
    </ClCompile>
    <ClCompile Include="..\Submodule\Engine\Code\Engine\Core\Graphics\Rgba.cpp">
      <Filter>TempEngine\Core\Graphics</Filter>
    </ClCompile>
    <ClCompile Include="..\Submodule\Engine\Code\Engine\Core\Strings\StringUtils.cpp">
      <Filter>TempEngine\Core\Strings</Filter>
    </ClCompile>
  </ItemGroup>
  <ItemGroup>
    <ClInclude Include="SharedCommon.hpp">
      <Filter>Source Files</Filter>
    </ClInclude>
    <ClInclude Include="AbilityBaseDefinition.hpp">
      <Filter>Source Files\Entity\Definitions</Filter>
    </ClInclude>
    <ClInclude Include="ActorBaseDefinition.hpp">
      <Filter>Source Files\Entity\Definitions</Filter>
    </ClInclude>
    <ClInclude Include="EntityBase.hpp">
      <Filter>Source Files\Entity</Filter>
    </ClInclude>
    <ClInclude Include="AbilityBase.hpp">
      <Filter>Source Files\Entity</Filter>
    </ClInclude>
    <ClInclude Include="ActorBase.hpp">
      <Filter>Source Files\Entity</Filter>
    </ClInclude>
    <ClInclude Include="EntityBaseDefinition.hpp">
      <Filter>Source Files\Entity\Definitions</Filter>
    </ClInclude>
    <ClInclude Include="Zone.hpp">
      <Filter>Source Files</Filter>
    </ClInclude>
    <ClInclude Include="ControllerBase.hpp">
      <Filter>Source Files\Controllers</Filter>
    </ClInclude>
    <ClInclude Include="AIController.hpp">
      <Filter>Source Files\Controllers</Filter>
    </ClInclude>
    <ClInclude Include="..\Submodule\Engine\Code\Engine\Physics\AABB2Collider2D.hpp">
      <Filter>TempEngine\Physics</Filter>
    </ClInclude>
    <ClInclude Include="..\Submodule\Engine\Code\Engine\Physics\Collider2D.hpp">
      <Filter>TempEngine\Physics</Filter>
    </ClInclude>
    <ClInclude Include="..\Submodule\Engine\Code\Engine\Physics\Collision2D.hpp">
      <Filter>TempEngine\Physics</Filter>
    </ClInclude>
    <ClInclude Include="..\Submodule\Engine\Code\Engine\Physics\DiscCollider2D.hpp">
      <Filter>TempEngine\Physics</Filter>
    </ClInclude>
    <ClInclude Include="..\Submodule\Engine\Code\Engine\Physics\Manifold2D.hpp">
      <Filter>TempEngine\Physics</Filter>
    </ClInclude>
    <ClInclude Include="..\Submodule\Engine\Code\Engine\Physics\PhysicsMaterial.hpp">
      <Filter>TempEngine\Physics</Filter>
    </ClInclude>
    <ClInclude Include="..\Submodule\Engine\Code\Engine\Physics\PhysicsSystem.hpp">
      <Filter>TempEngine\Physics</Filter>
    </ClInclude>
    <ClInclude Include="..\Submodule\Engine\Code\Engine\Physics\PillboxCollider2D.hpp">
      <Filter>TempEngine\Physics</Filter>
    </ClInclude>
    <ClInclude Include="..\Submodule\Engine\Code\Engine\Physics\Rigidbody2D.hpp">
      <Filter>TempEngine\Physics</Filter>
    </ClInclude>
    <ClInclude Include="..\Submodule\Engine\Code\Engine\Physics\Transform2D.hpp">
      <Filter>TempEngine\Physics</Filter>
    </ClInclude>
    <ClInclude Include="..\Submodule\Engine\Code\Engine\Physics\Transform3D.hpp">
      <Filter>TempEngine\Physics</Filter>
    </ClInclude>
    <ClInclude Include="..\Submodule\Engine\Code\Engine\Math\AABB2.hpp">
      <Filter>TempEngine\Math</Filter>
    </ClInclude>
    <ClInclude Include="..\Submodule\Engine\Code\Engine\Math\AABB3.hpp">
      <Filter>TempEngine\Math</Filter>
    </ClInclude>
    <ClInclude Include="..\Submodule\Engine\Code\Engine\Math\Capsule3.hpp">
      <Filter>TempEngine\Math</Filter>
    </ClInclude>
    <ClInclude Include="..\Submodule\Engine\Code\Engine\Math\Disc.hpp">
      <Filter>TempEngine\Math</Filter>
    </ClInclude>
    <ClInclude Include="..\Submodule\Engine\Code\Engine\Math\FloatRange.hpp">
      <Filter>TempEngine\Math</Filter>
    </ClInclude>
    <ClInclude Include="..\Submodule\Engine\Code\Engine\Math\Frustum.hpp">
      <Filter>TempEngine\Math</Filter>
    </ClInclude>
    <ClInclude Include="..\Submodule\Engine\Code\Engine\Math\IntRange.hpp">
      <Filter>TempEngine\Math</Filter>
    </ClInclude>
    <ClInclude Include="..\Submodule\Engine\Code\Engine\Math\IntVec2.hpp">
      <Filter>TempEngine\Math</Filter>
    </ClInclude>
    <ClInclude Include="..\Submodule\Engine\Code\Engine\Math\MathUtils.hpp">
      <Filter>TempEngine\Math</Filter>
    </ClInclude>
    <ClInclude Include="..\Submodule\Engine\Code\Engine\Math\Matrix44.hpp">
      <Filter>TempEngine\Math</Filter>
    </ClInclude>
    <ClInclude Include="..\Submodule\Engine\Code\Engine\Math\OBB2.hpp">
      <Filter>TempEngine\Math</Filter>
    </ClInclude>
    <ClInclude Include="..\Submodule\Engine\Code\Engine\Math\OBB3.hpp">
      <Filter>TempEngine\Math</Filter>
    </ClInclude>
    <ClInclude Include="..\Submodule\Engine\Code\Engine\Math\Pillbox2.hpp">
      <Filter>TempEngine\Math</Filter>
    </ClInclude>
    <ClInclude Include="..\Submodule\Engine\Code\Engine\Math\Plane2.hpp">
      <Filter>TempEngine\Math</Filter>
    </ClInclude>
    <ClInclude Include="..\Submodule\Engine\Code\Engine\Math\Plane3.hpp">
      <Filter>TempEngine\Math</Filter>
    </ClInclude>
    <ClInclude Include="..\Submodule\Engine\Code\Engine\Math\RawNoise.hpp">
      <Filter>TempEngine\Math</Filter>
    </ClInclude>
    <ClInclude Include="..\Submodule\Engine\Code\Engine\Math\Ray3.hpp">
      <Filter>TempEngine\Math</Filter>
    </ClInclude>
    <ClInclude Include="..\Submodule\Engine\Code\Engine\Math\RNG.hpp">
      <Filter>TempEngine\Math</Filter>
    </ClInclude>
    <ClInclude Include="..\Submodule\Engine\Code\Engine\Math\SmoothNoise.hpp">
      <Filter>TempEngine\Math</Filter>
    </ClInclude>
    <ClInclude Include="..\Submodule\Engine\Code\Engine\Math\Sphere.hpp">
      <Filter>TempEngine\Math</Filter>
    </ClInclude>
    <ClInclude Include="..\Submodule\Engine\Code\Engine\Math\Vec2.hpp">
      <Filter>TempEngine\Math</Filter>
    </ClInclude>
    <ClInclude Include="..\Submodule\Engine\Code\Engine\Math\Vec3.hpp">
      <Filter>TempEngine\Math</Filter>
    </ClInclude>
    <ClInclude Include="..\Submodule\Engine\Code\Engine\Math\Vec4.hpp">
      <Filter>TempEngine\Math</Filter>
    </ClInclude>
    <ClInclude Include="..\Submodule\Engine\Code\Engine\Core\EngineCommon.hpp">
      <Filter>TempEngine\Core</Filter>
    </ClInclude>
    <ClInclude Include="..\Submodule\Engine\Code\Engine\Core\EngineUtils.hpp">
      <Filter>TempEngine\Core</Filter>
    </ClInclude>
    <ClInclude Include="..\Submodule\Engine\Code\Engine\Core\ErrorWarningAssert.hpp">
      <Filter>TempEngine\Core</Filter>
    </ClInclude>
    <ClInclude Include="..\Submodule\Engine\Code\Engine\Core\EventSystem.hpp">
      <Filter>TempEngine\Core</Filter>
    </ClInclude>
    <ClInclude Include="..\Submodule\Engine\Code\Engine\Core\Tags.hpp">
      <Filter>TempEngine\Core</Filter>
    </ClInclude>
    <ClInclude Include="..\Submodule\Engine\Code\Engine\Core\WindowContext.hpp">
      <Filter>TempEngine\Core</Filter>
    </ClInclude>
    <ClInclude Include="..\Submodule\Engine\Code\Engine\Core\Debug\Callstack.hpp">
      <Filter>TempEngine\Core\Debug</Filter>
    </ClInclude>
    <ClInclude Include="..\Submodule\Engine\Code\Engine\Core\Debug\DevConsole.hpp">
      <Filter>TempEngine\Core\Debug</Filter>
    </ClInclude>
    <ClInclude Include="..\Submodule\Engine\Code\Engine\Core\Debug\TextLine.hpp">
      <Filter>TempEngine\Core\Debug</Filter>
    </ClInclude>
    <ClInclude Include="..\Submodule\Engine\Code\Engine\Core\Debug\UnitTest.hpp">
      <Filter>TempEngine\Core\Debug</Filter>
    </ClInclude>
    <ClInclude Include="..\Submodule\Engine\Code\Engine\Core\Strings\NamedProperties.hpp">
      <Filter>TempEngine\Core\Strings</Filter>
    </ClInclude>
    <ClInclude Include="..\Submodule\Engine\Code\Engine\Core\Strings\NamedStrings.hpp">
      <Filter>TempEngine\Core\Strings</Filter>
    </ClInclude>
    <ClInclude Include="..\Submodule\Engine\Code\Engine\Core\Time\Clock.hpp">
      <Filter>TempEngine\Core\Time</Filter>
    </ClInclude>
    <ClInclude Include="..\Submodule\Engine\Code\Engine\Core\Time\StopWatch.hpp">
      <Filter>TempEngine\Core\Time</Filter>
    </ClInclude>
    <ClInclude Include="..\Submodule\Engine\Code\Engine\Core\Time\Time.hpp">
      <Filter>TempEngine\Core\Time</Filter>
    </ClInclude>
    <ClInclude Include="..\Submodule\Engine\Code\Engine\Core\Vertex\MeshCPU.hpp">
      <Filter>TempEngine\Core\Vertex</Filter>
    </ClInclude>
    <ClInclude Include="..\Submodule\Engine\Code\Engine\Core\Vertex\Vertex_LIT.hpp">
      <Filter>TempEngine\Core\Vertex</Filter>
    </ClInclude>
    <ClInclude Include="..\Submodule\Engine\Code\Engine\Core\Vertex\Vertex_PCU.hpp">
      <Filter>TempEngine\Core\Vertex</Filter>
    </ClInclude>
    <ClInclude Include="..\Submodule\Engine\Code\Engine\Core\Vertex\VertexMaster.hpp">
      <Filter>TempEngine\Core\Vertex</Filter>
    </ClInclude>
    <ClInclude Include="..\Submodule\Engine\Code\Engine\Core\XML\XMLUtils.hpp">
      <Filter>TempEngine\Core\XML</Filter>
    </ClInclude>
    <ClInclude Include="..\Submodule\Engine\Code\Engine\Core\Graphics\Image.hpp">
      <Filter>TempEngine\Core\Graphics</Filter>
    </ClInclude>
    <ClInclude Include="..\Submodule\Engine\Code\Engine\Core\Graphics\Rgba.hpp">
      <Filter>TempEngine\Core\Graphics</Filter>
    </ClInclude>
    <ClInclude Include="..\Submodule\Engine\Code\Engine\Core\Strings\StringUtils.hpp">
      <Filter>TempEngine\Core\Strings</Filter>
    </ClInclude>
  </ItemGroup>
  <ItemGroup>
    <Xml Include="..\..\Run\Data\Gameplay\AbilityDefinitions.xml">
      <Filter>Data\Gameplay</Filter>
    </Xml>
    <Xml Include="..\..\Run\Data\Gameplay\ActorDefinitions.xml">
      <Filter>Data\Gameplay</Filter>
    </Xml>
  </ItemGroup>
</Project>