<?xml version="1.0" encoding="utf-8"?>
<Project ToolsVersion="4.0" xmlns="http://schemas.microsoft.com/developer/msbuild/2003">
  <ItemGroup>
    <Filter Include="Source Files">
      <UniqueIdentifier>{4FC737F1-C7A5-4376-A066-2A32D752A2FF}</UniqueIdentifier>
      <Extensions>cpp;c;cc;cxx;def;odl;idl;hpj;bat;asm;asmx</Extensions>
    </Filter>
    <Filter Include="Data">
      <UniqueIdentifier>{ecbefdd9-6a4a-4353-9878-742300c63748}</UniqueIdentifier>
    </Filter>
    <Filter Include="Data\Gameplay">
      <UniqueIdentifier>{a762e598-b832-40f5-98f8-d98fc49b1285}</UniqueIdentifier>
    </Filter>
    <Filter Include="Source Files\Network">
      <UniqueIdentifier>{599d1365-df0b-44c9-b4f2-a5c5fedeec50}</UniqueIdentifier>
    </Filter>
    <Filter Include="Source Files\Game">
      <UniqueIdentifier>{9f6d5271-bebb-43fd-948d-4a9a1d316723}</UniqueIdentifier>
    </Filter>
    <Filter Include="Source Files\Game\Controllers">
      <UniqueIdentifier>{db355289-f1cc-4f07-83e2-dcfffeceb7b6}</UniqueIdentifier>
    </Filter>
    <Filter Include="Source Files\Game\Entity">
      <UniqueIdentifier>{4717a96c-b219-4618-beea-6ef2d2e74529}</UniqueIdentifier>
    </Filter>
    <Filter Include="Source Files\Game\Entity\Definitions">
      <UniqueIdentifier>{f59601e9-583c-4a9e-bd9d-b1db91f77a0a}</UniqueIdentifier>
    </Filter>
  </ItemGroup>
  <ItemGroup>
    <ClCompile Include="AbilityBaseDefinition.cpp">
      <Filter>Source Files\Game\Entity\Definitions</Filter>
    </ClCompile>
    <ClCompile Include="ActorBaseDefinition.cpp">
      <Filter>Source Files\Game\Entity\Definitions</Filter>
    </ClCompile>
    <ClCompile Include="EntityBase.cpp">
      <Filter>Source Files\Game\Entity</Filter>
    </ClCompile>
    <ClCompile Include="AbilityBase.cpp">
      <Filter>Source Files\Game\Entity</Filter>
    </ClCompile>
    <ClCompile Include="ActorBase.cpp">
      <Filter>Source Files\Game\Entity</Filter>
    </ClCompile>
    <ClCompile Include="EntityBaseDefinition.cpp">
      <Filter>Source Files\Game\Entity\Definitions</Filter>
    </ClCompile>
    <ClCompile Include="ControllerBase.cpp">
      <Filter>Source Files\Game\Controllers</Filter>
    </ClCompile>
    <ClCompile Include="AIController.cpp">
      <Filter>Source Files\Game\Controllers</Filter>
    </ClCompile>
    <ClCompile Include="SimController.cpp">
      <Filter>Source Files\Game\Controllers</Filter>
    </ClCompile>
    <ClCompile Include="View.cpp">
      <Filter>Source Files\Network</Filter>
    </ClCompile>
    <ClCompile Include="SharedCommon.cpp">
      <Filter>Source Files\Game</Filter>
    </ClCompile>
    <ClCompile Include="Zone.cpp">
      <Filter>Source Files\Game</Filter>
    </ClCompile>
  </ItemGroup>
  <ItemGroup>
    <ClInclude Include="AbilityBaseDefinition.hpp">
      <Filter>Source Files\Game\Entity\Definitions</Filter>
    </ClInclude>
    <ClInclude Include="ActorBaseDefinition.hpp">
      <Filter>Source Files\Game\Entity\Definitions</Filter>
    </ClInclude>
    <ClInclude Include="EntityBase.hpp">
      <Filter>Source Files\Game\Entity</Filter>
    </ClInclude>
    <ClInclude Include="AbilityBase.hpp">
      <Filter>Source Files\Game\Entity</Filter>
    </ClInclude>
    <ClInclude Include="ActorBase.hpp">
      <Filter>Source Files\Game\Entity</Filter>
    </ClInclude>
    <ClInclude Include="EntityBaseDefinition.hpp">
      <Filter>Source Files\Game\Entity\Definitions</Filter>
    </ClInclude>
    <ClInclude Include="ControllerBase.hpp">
      <Filter>Source Files\Game\Controllers</Filter>
    </ClInclude>
    <ClInclude Include="AIController.hpp">
      <Filter>Source Files\Game\Controllers</Filter>
    </ClInclude>
    <ClInclude Include="SimController.hpp">
      <Filter>Source Files\Game\Controllers</Filter>
    </ClInclude>
    <ClInclude Include="View.hpp">
      <Filter>Source Files\Network</Filter>
    </ClInclude>
    <ClInclude Include="SharedCommon.hpp">
      <Filter>Source Files\Game</Filter>
    </ClInclude>
    <ClInclude Include="Zone.hpp">
      <Filter>Source Files\Game</Filter>
    </ClInclude>
  </ItemGroup>
  <ItemGroup>
    <Xml Include="..\..\Run\Data\Gameplay\AbilityDefinitions.xml">
      <Filter>Data\Gameplay</Filter>
    </Xml>
    <Xml Include="..\..\Run\Data\Gameplay\ActorDefinitions.xml">
      <Filter>Data\Gameplay</Filter>
    </Xml>
  </ItemGroup>
</Project>